
Microsoft Visual Studio Solution File, Format Version 12.00
# Visual Studio Version 16
VisualStudioVersion = 16.0.31424.327
MinimumVisualStudioVersion = 10.0.40219.1
Project("{FAE04EC0-301F-11D3-BF4B-00C04F79EFBC}") = "Homework_03_1", "Homework_03_1\Homework_03_1.csproj", "{A471D051-D230-47FA-B14C-5CD06B4EA903}"
EndProject
Project("{FAE04EC0-301F-11D3-BF4B-00C04F79EFBC}") = "Homework_03_2", "Homework_03_2\Homework_03_2.csproj", "{BD9296D1-6ABD-46D0-958E-7109C8A8BA66}"
EndProject
Project("{FAE04EC0-301F-11D3-BF4B-00C04F79EFBC}") = "Homework_03_3", "Homework_03_3\Homework_03_3.csproj", "{905FCB45-ED59-4430-AD87-E7A0C55691DC}"
EndProject
Global
	GlobalSection(SolutionConfigurationPlatforms) = preSolution
		Debug|Any CPU = Debug|Any CPU
		Release|Any CPU = Release|Any CPU
	EndGlobalSection
	GlobalSection(ProjectConfigurationPlatforms) = postSolution
		{A471D051-D230-47FA-B14C-5CD06B4EA903}.Debug|Any CPU.ActiveCfg = Debug|Any CPU
		{A471D051-D230-47FA-B14C-5CD06B4EA903}.Debug|Any CPU.Build.0 = Debug|Any CPU
		{A471D051-D230-47FA-B14C-5CD06B4EA903}.Release|Any CPU.ActiveCfg = Release|Any CPU
		{A471D051-D230-47FA-B14C-5CD06B4EA903}.Release|Any CPU.Build.0 = Release|Any CPU
		{BD9296D1-6ABD-46D0-958E-7109C8A8BA66}.Debug|Any CPU.ActiveCfg = Debug|Any CPU
		{BD9296D1-6ABD-46D0-958E-7109C8A8BA66}.Debug|Any CPU.Build.0 = Debug|Any CPU
		{BD9296D1-6ABD-46D0-958E-7109C8A8BA66}.Release|Any CPU.ActiveCfg = Release|Any CPU
		{BD9296D1-6ABD-46D0-958E-7109C8A8BA66}.Release|Any CPU.Build.0 = Release|Any CPU
		{905FCB45-ED59-4430-AD87-E7A0C55691DC}.Debug|Any CPU.ActiveCfg = Debug|Any CPU
		{905FCB45-ED59-4430-AD87-E7A0C55691DC}.Debug|Any CPU.Build.0 = Debug|Any CPU
		{905FCB45-ED59-4430-AD87-E7A0C55691DC}.Release|Any CPU.ActiveCfg = Release|Any CPU
		{905FCB45-ED59-4430-AD87-E7A0C55691DC}.Release|Any CPU.Build.0 = Release|Any CPU
	EndGlobalSection
	GlobalSection(SolutionProperties) = preSolution
		HideSolutionNode = FALSE
	EndGlobalSection
	GlobalSection(ExtensibilityGlobals) = postSolution
		SolutionGuid = {F53D7656-C209-4310-B7A3-232CD49FB078}
	EndGlobalSection
EndGlobal
